
Microsoft Visual Studio Solution File, Format Version 12.00
# Visual Studio Version 17
VisualStudioVersion = 17.0.31903.59
MinimumVisualStudioVersion = 10.0.40219.1
Project("{2150E333-8FDC-42A3-9474-1A3956D46DE8}") = "src", "src", "{827E0CD3-B72D-47B6-A68D-7590B98EB39B}"
EndProject
Project("{FAE04EC0-301F-11D3-BF4B-00C04F79EFBC}") = "StudentRoadMap.Domain", "src\StudentRoadMap.Domain\StudentRoadMap.Domain.csproj", "{DCF47F67-9415-4194-B9C6-B7896E3F8179}"
EndProject
Project("{FAE04EC0-301F-11D3-BF4B-00C04F79EFBC}") = "StudentRoadMap.Application", "src\StudentRoadMap.Application\StudentRoadMap.Application.csproj", "{87AA73DA-B454-4F0B-A55A-299794B12FB9}"
EndProject
Project("{FAE04EC0-301F-11D3-BF4B-00C04F79EFBC}") = "StudentRoadMap.Infrastructure", "src\StudentRoadMap.Infrastructure\StudentRoadMap.Infrastructure.csproj", "{E4DCD71B-6C67-41D0-9318-02EC3F44C1A2}"
EndProject
Project("{FAE04EC0-301F-11D3-BF4B-00C04F79EFBC}") = "StudentRoadMap.Api", "src\StudentRoadMap.Api\StudentRoadMap.Api.csproj", "{03B6A91B-14E6-4C16-9748-BA339308B714}"
EndProject
Project("{2150E333-8FDC-42A3-9474-1A3956D46DE8}") = "tests", "tests", "{0AB3BF05-4346-4AA6-1389-037BE0695223}"
EndProject
Project("{FAE04EC0-301F-11D3-BF4B-00C04F79EFBC}") = "StudentRoadMap.Domain.Tests", "tests\StudentRoadMap.Domain.Tests\StudentRoadMap.Domain.Tests.csproj", "{FC47C076-C2C5-463B-8ABC-35BE4838C7B0}"
EndProject
Project("{FAE04EC0-301F-11D3-BF4B-00C04F79EFBC}") = "StudentRoadMap.Application.Tests", "tests\StudentRoadMap.Application.Tests\StudentRoadMap.Application.Tests.csproj", "{FE035998-CC24-436D-9E68-06BDAD3F269A}"
EndProject
Project("{FAE04EC0-301F-11D3-BF4B-00C04F79EFBC}") = "StudentRoadMap.Api.IntegrationTests", "tests\StudentRoadMap.Api.IntegrationTests\StudentRoadMap.Api.IntegrationTests.csproj", "{30CE87F7-B0F5-48F3-B562-8F75F9BCA3E1}"
EndProject
Project("{FAE04EC0-301F-11D3-BF4B-00C04F79EFBC}") = "StudentRoadMap.Infrastructure.Tests", "tests\StudentRoadMap.Infrastructure.Tests\StudentRoadMap.Infrastructure.Tests.csproj", "{93168311-B743-447A-A542-21CC2137377F}"
EndProject
Global
	GlobalSection(SolutionConfigurationPlatforms) = preSolution
		Debug|Any CPU = Debug|Any CPU
		Debug|x64 = Debug|x64
		Debug|x86 = Debug|x86
		Release|Any CPU = Release|Any CPU
		Release|x64 = Release|x64
		Release|x86 = Release|x86
	EndGlobalSection
	GlobalSection(ProjectConfigurationPlatforms) = postSolution
		{DCF47F67-9415-4194-B9C6-B7896E3F8179}.Debug|Any CPU.ActiveCfg = Debug|Any CPU
		{DCF47F67-9415-4194-B9C6-B7896E3F8179}.Debug|Any CPU.Build.0 = Debug|Any CPU
		{DCF47F67-9415-4194-B9C6-B7896E3F8179}.Debug|x64.ActiveCfg = Debug|Any CPU
		{DCF47F67-9415-4194-B9C6-B7896E3F8179}.Debug|x64.Build.0 = Debug|Any CPU
		{DCF47F67-9415-4194-B9C6-B7896E3F8179}.Debug|x86.ActiveCfg = Debug|Any CPU
		{DCF47F67-9415-4194-B9C6-B7896E3F8179}.Debug|x86.Build.0 = Debug|Any CPU
		{DCF47F67-9415-4194-B9C6-B7896E3F8179}.Release|Any CPU.ActiveCfg = Release|Any CPU
		{DCF47F67-9415-4194-B9C6-B7896E3F8179}.Release|Any CPU.Build.0 = Release|Any CPU
		{DCF47F67-9415-4194-B9C6-B7896E3F8179}.Release|x64.ActiveCfg = Release|Any CPU
		{DCF47F67-9415-4194-B9C6-B7896E3F8179}.Release|x64.Build.0 = Release|Any CPU
		{DCF47F67-9415-4194-B9C6-B7896E3F8179}.Release|x86.ActiveCfg = Release|Any CPU
		{DCF47F67-9415-4194-B9C6-B7896E3F8179}.Release|x86.Build.0 = Release|Any CPU
		{87AA73DA-B454-4F0B-A55A-299794B12FB9}.Debug|Any CPU.ActiveCfg = Debug|Any CPU
		{87AA73DA-B454-4F0B-A55A-299794B12FB9}.Debug|Any CPU.Build.0 = Debug|Any CPU
		{87AA73DA-B454-4F0B-A55A-299794B12FB9}.Debug|x64.ActiveCfg = Debug|Any CPU
		{87AA73DA-B454-4F0B-A55A-299794B12FB9}.Debug|x64.Build.0 = Debug|Any CPU
		{87AA73DA-B454-4F0B-A55A-299794B12FB9}.Debug|x86.ActiveCfg = Debug|Any CPU
		{87AA73DA-B454-4F0B-A55A-299794B12FB9}.Debug|x86.Build.0 = Debug|Any CPU
		{87AA73DA-B454-4F0B-A55A-299794B12FB9}.Release|Any CPU.ActiveCfg = Release|Any CPU
		{87AA73DA-B454-4F0B-A55A-299794B12FB9}.Release|Any CPU.Build.0 = Release|Any CPU
		{87AA73DA-B454-4F0B-A55A-299794B12FB9}.Release|x64.ActiveCfg = Release|Any CPU
		{87AA73DA-B454-4F0B-A55A-299794B12FB9}.Release|x64.Build.0 = Release|Any CPU
		{87AA73DA-B454-4F0B-A55A-299794B12FB9}.Release|x86.ActiveCfg = Release|Any CPU
		{87AA73DA-B454-4F0B-A55A-299794B12FB9}.Release|x86.Build.0 = Release|Any CPU
		{E4DCD71B-6C67-41D0-9318-02EC3F44C1A2}.Debug|Any CPU.ActiveCfg = Debug|Any CPU
		{E4DCD71B-6C67-41D0-9318-02EC3F44C1A2}.Debug|Any CPU.Build.0 = Debug|Any CPU
		{E4DCD71B-6C67-41D0-9318-02EC3F44C1A2}.Debug|x64.ActiveCfg = Debug|Any CPU
		{E4DCD71B-6C67-41D0-9318-02EC3F44C1A2}.Debug|x64.Build.0 = Debug|Any CPU
		{E4DCD71B-6C67-41D0-9318-02EC3F44C1A2}.Debug|x86.ActiveCfg = Debug|Any CPU
		{E4DCD71B-6C67-41D0-9318-02EC3F44C1A2}.Debug|x86.Build.0 = Debug|Any CPU
		{E4DCD71B-6C67-41D0-9318-02EC3F44C1A2}.Release|Any CPU.ActiveCfg = Release|Any CPU
		{E4DCD71B-6C67-41D0-9318-02EC3F44C1A2}.Release|Any CPU.Build.0 = Release|Any CPU
		{E4DCD71B-6C67-41D0-9318-02EC3F44C1A2}.Release|x64.ActiveCfg = Release|Any CPU
		{E4DCD71B-6C67-41D0-9318-02EC3F44C1A2}.Release|x64.Build.0 = Release|Any CPU
		{E4DCD71B-6C67-41D0-9318-02EC3F44C1A2}.Release|x86.ActiveCfg = Release|Any CPU
		{E4DCD71B-6C67-41D0-9318-02EC3F44C1A2}.Release|x86.Build.0 = Release|Any CPU
		{03B6A91B-14E6-4C16-9748-BA339308B714}.Debug|Any CPU.ActiveCfg = Debug|Any CPU
		{03B6A91B-14E6-4C16-9748-BA339308B714}.Debug|Any CPU.Build.0 = Debug|Any CPU
		{03B6A91B-14E6-4C16-9748-BA339308B714}.Debug|x64.ActiveCfg = Debug|Any CPU
		{03B6A91B-14E6-4C16-9748-BA339308B714}.Debug|x64.Build.0 = Debug|Any CPU
		{03B6A91B-14E6-4C16-9748-BA339308B714}.Debug|x86.ActiveCfg = Debug|Any CPU
		{03B6A91B-14E6-4C16-9748-BA339308B714}.Debug|x86.Build.0 = Debug|Any CPU
		{03B6A91B-14E6-4C16-9748-BA339308B714}.Release|Any CPU.ActiveCfg = Release|Any CPU
		{03B6A91B-14E6-4C16-9748-BA339308B714}.Release|Any CPU.Build.0 = Release|Any CPU
		{03B6A91B-14E6-4C16-9748-BA339308B714}.Release|x64.ActiveCfg = Release|Any CPU
		{03B6A91B-14E6-4C16-9748-BA339308B714}.Release|x64.Build.0 = Release|Any CPU
		{03B6A91B-14E6-4C16-9748-BA339308B714}.Release|x86.ActiveCfg = Release|Any CPU
		{03B6A91B-14E6-4C16-9748-BA339308B714}.Release|x86.Build.0 = Release|Any CPU
		{FC47C076-C2C5-463B-8ABC-35BE4838C7B0}.Debug|Any CPU.ActiveCfg = Debug|Any CPU
		{FC47C076-C2C5-463B-8ABC-35BE4838C7B0}.Debug|Any CPU.Build.0 = Debug|Any CPU
		{FC47C076-C2C5-463B-8ABC-35BE4838C7B0}.Debug|x64.ActiveCfg = Debug|Any CPU
		{FC47C076-C2C5-463B-8ABC-35BE4838C7B0}.Debug|x64.Build.0 = Debug|Any CPU
		{FC47C076-C2C5-463B-8ABC-35BE4838C7B0}.Debug|x86.ActiveCfg = Debug|Any CPU
		{FC47C076-C2C5-463B-8ABC-35BE4838C7B0}.Debug|x86.Build.0 = Debug|Any CPU
		{FC47C076-C2C5-463B-8ABC-35BE4838C7B0}.Release|Any CPU.ActiveCfg = Release|Any CPU
		{FC47C076-C2C5-463B-8ABC-35BE4838C7B0}.Release|Any CPU.Build.0 = Release|Any CPU
		{FC47C076-C2C5-463B-8ABC-35BE4838C7B0}.Release|x64.ActiveCfg = Release|Any CPU
		{FC47C076-C2C5-463B-8ABC-35BE4838C7B0}.Release|x64.Build.0 = Release|Any CPU
		{FC47C076-C2C5-463B-8ABC-35BE4838C7B0}.Release|x86.ActiveCfg = Release|Any CPU
		{FC47C076-C2C5-463B-8ABC-35BE4838C7B0}.Release|x86.Build.0 = Release|Any CPU
		{FE035998-CC24-436D-9E68-06BDAD3F269A}.Debug|Any CPU.ActiveCfg = Debug|Any CPU
		{FE035998-CC24-436D-9E68-06BDAD3F269A}.Debug|Any CPU.Build.0 = Debug|Any CPU
		{FE035998-CC24-436D-9E68-06BDAD3F269A}.Debug|x64.ActiveCfg = Debug|Any CPU
		{FE035998-CC24-436D-9E68-06BDAD3F269A}.Debug|x64.Build.0 = Debug|Any CPU
		{FE035998-CC24-436D-9E68-06BDAD3F269A}.Debug|x86.ActiveCfg = Debug|Any CPU
		{FE035998-CC24-436D-9E68-06BDAD3F269A}.Debug|x86.Build.0 = Debug|Any CPU
		{FE035998-CC24-436D-9E68-06BDAD3F269A}.Release|Any CPU.ActiveCfg = Release|Any CPU
		{FE035998-CC24-436D-9E68-06BDAD3F269A}.Release|Any CPU.Build.0 = Release|Any CPU
		{FE035998-CC24-436D-9E68-06BDAD3F269A}.Release|x64.ActiveCfg = Release|Any CPU
		{FE035998-CC24-436D-9E68-06BDAD3F269A}.Release|x64.Build.0 = Release|Any CPU
		{FE035998-CC24-436D-9E68-06BDAD3F269A}.Release|x86.ActiveCfg = Release|Any CPU
		{FE035998-CC24-436D-9E68-06BDAD3F269A}.Release|x86.Build.0 = Release|Any CPU
		{30CE87F7-B0F5-48F3-B562-8F75F9BCA3E1}.Debug|Any CPU.ActiveCfg = Debug|Any CPU
		{30CE87F7-B0F5-48F3-B562-8F75F9BCA3E1}.Debug|Any CPU.Build.0 = Debug|Any CPU
		{30CE87F7-B0F5-48F3-B562-8F75F9BCA3E1}.Debug|x64.ActiveCfg = Debug|Any CPU
		{30CE87F7-B0F5-48F3-B562-8F75F9BCA3E1}.Debug|x64.Build.0 = Debug|Any CPU
		{30CE87F7-B0F5-48F3-B562-8F75F9BCA3E1}.Debug|x86.ActiveCfg = Debug|Any CPU
		{30CE87F7-B0F5-48F3-B562-8F75F9BCA3E1}.Debug|x86.Build.0 = Debug|Any CPU
		{30CE87F7-B0F5-48F3-B562-8F75F9BCA3E1}.Release|Any CPU.ActiveCfg = Release|Any CPU
		{30CE87F7-B0F5-48F3-B562-8F75F9BCA3E1}.Release|Any CPU.Build.0 = Release|Any CPU
		{30CE87F7-B0F5-48F3-B562-8F75F9BCA3E1}.Release|x64.ActiveCfg = Release|Any CPU
		{30CE87F7-B0F5-48F3-B562-8F75F9BCA3E1}.Release|x64.Build.0 = Release|Any CPU
		{30CE87F7-B0F5-48F3-B562-8F75F9BCA3E1}.Release|x86.ActiveCfg = Release|Any CPU
		{30CE87F7-B0F5-48F3-B562-8F75F9BCA3E1}.Release|x86.Build.0 = Release|Any CPU
		{93168311-B743-447A-A542-21CC2137377F}.Debug|Any CPU.ActiveCfg = Debug|Any CPU
		{93168311-B743-447A-A542-21CC2137377F}.Debug|Any CPU.Build.0 = Debug|Any CPU
		{93168311-B743-447A-A542-21CC2137377F}.Debug|x64.ActiveCfg = Debug|Any CPU
		{93168311-B743-447A-A542-21CC2137377F}.Debug|x64.Build.0 = Debug|Any CPU
		{93168311-B743-447A-A542-21CC2137377F}.Debug|x86.ActiveCfg = Debug|Any CPU
		{93168311-B743-447A-A542-21CC2137377F}.Debug|x86.Build.0 = Debug|Any CPU
		{93168311-B743-447A-A542-21CC2137377F}.Release|Any CPU.ActiveCfg = Release|Any CPU
		{93168311-B743-447A-A542-21CC2137377F}.Release|Any CPU.Build.0 = Release|Any CPU
		{93168311-B743-447A-A542-21CC2137377F}.Release|x64.ActiveCfg = Release|Any CPU
		{93168311-B743-447A-A542-21CC2137377F}.Release|x64.Build.0 = Release|Any CPU
		{93168311-B743-447A-A542-21CC2137377F}.Release|x86.ActiveCfg = Release|Any CPU
		{93168311-B743-447A-A542-21CC2137377F}.Release|x86.Build.0 = Release|Any CPU
	EndGlobalSection
	GlobalSection(SolutionProperties) = preSolution
		HideSolutionNode = FALSE
	EndGlobalSection
	GlobalSection(NestedProjects) = preSolution
		{DCF47F67-9415-4194-B9C6-B7896E3F8179} = {827E0CD3-B72D-47B6-A68D-7590B98EB39B}
		{87AA73DA-B454-4F0B-A55A-299794B12FB9} = {827E0CD3-B72D-47B6-A68D-7590B98EB39B}
		{E4DCD71B-6C67-41D0-9318-02EC3F44C1A2} = {827E0CD3-B72D-47B6-A68D-7590B98EB39B}
		{03B6A91B-14E6-4C16-9748-BA339308B714} = {827E0CD3-B72D-47B6-A68D-7590B98EB39B}
		{FC47C076-C2C5-463B-8ABC-35BE4838C7B0} = {0AB3BF05-4346-4AA6-1389-037BE0695223}
		{FE035998-CC24-436D-9E68-06BDAD3F269A} = {0AB3BF05-4346-4AA6-1389-037BE0695223}
		{30CE87F7-B0F5-48F3-B562-8F75F9BCA3E1} = {0AB3BF05-4346-4AA6-1389-037BE0695223}
		{93168311-B743-447A-A542-21CC2137377F} = {0AB3BF05-4346-4AA6-1389-037BE0695223}
	EndGlobalSection
EndGlobal
